# CoinCync Critical File Integrity Lockfile
#
# These SHA-256 hashes protect consensus-critical files from accidental changes.
# The build will FAIL if any hash doesn't match.
#
# Hashes are computed over the file bytes with CRLF line endings
# normalized to LF, so Windows and Linux produce the same values.
#
# To refresh after an INTENTIONAL change:
#   COINCYNC_REGEN_LOCK=1 cargo run --locked --bin update-critical-hashes
#
# NEVER refresh these hashes without a thorough review of the changes.
# Accidental modifications to these files can cause chain forks.

CONSTITUTION.md=bb7d26310a8a5fbddbaed924b25d6bd9fb31cc07b3da7e3e9a674f73d6fe95bc
docs/BILL_OF_RIGHTS.md=49e26679a78de450521be25726d2d9bf9794c58cb095080ffdb36c9359c35768
src/testnet.rs=713a3fd24a65571780c59e8dd77730824ec603468d791469cfa3b113b9666c04
src/constants.rs=b08181d8b30aca8616c0a760ee3bbbf889b97f6f256f75062820ab85cc7dda84
src/consensus/difficulty.rs=009de1e7aaac46e3f11bef54ac3c5c1911d5effdef68ff6f21ecefd3ed7afb4a
src/consensus/pow.rs=9b180e24f276be5bc94b92fdc3690501bac2f00cc100974579396c06c755e3ee
src/consensus/validation.rs=c9b4cd6117934a6a105682fb75323aa4650f277d434301c4a2230fb8b9611756
src/emission/curve.rs=5d04766cf4c5ef91dbfd9527fff4013019e2464a7b4bb8beb0dc0d8ab8b491da
