# CoinCync Critical File Integrity Lockfile
#
# These SHA-256 hashes protect consensus-critical files from accidental changes.
# The build will FAIL if any hash doesn't match.
#
# Hashes are computed over the file bytes with CRLF line endings
# normalized to LF, so Windows and Linux produce the same values.
#
# To refresh after an INTENTIONAL change:
#   COINCYNC_REGEN_LOCK=1 cargo run --locked --bin update-critical-hashes
#
# NEVER refresh these hashes without a thorough review of the changes.
# Accidental modifications to these files can cause chain forks.

CONSTITUTION.md=bb7d26310a8a5fbddbaed924b25d6bd9fb31cc07b3da7e3e9a674f73d6fe95bc
docs/BILL_OF_RIGHTS.md=49e26679a78de450521be25726d2d9bf9794c58cb095080ffdb36c9359c35768
src/testnet.rs=ce6503fcb0c969afb970cd5555feb92a55016db5bb23cdc7556f0d0f2b7dbd4c
src/constants.rs=0af3a193138261c1119b63580f4392fa36256b1bf55e18f8cea28223a72e2e50
src/consensus/difficulty.rs=914c78cee9f4f543b38eacd14bf932c8ab5e660aeb763040eb650bc31bf9b42c
src/consensus/pow.rs=de86e9c903cba8b2a6e2a482b65c9d3e6d516722535441ef80d2a9c1dba967d6
src/consensus/validation.rs=162d4bf862c287635de33077933208653a27a6e2d31516ce56fe39aeba866cba
src/emission/curve.rs=e1688681c589c8774062e1958871aa87ee509b1ec8d996ced1bf9e72432e3479
src/mainnet.rs=5acd9a633c336de83dd9eccd30df925cc50e592b7d70ecc040fc09f824700dbe
src/emission/mod.rs=3938f1919e1baf36335ec93711c9ecc8a469a5e3cc5a855b4145042f577d5f67
src/consensus/header.rs=6f1bb0391cfbf60a7ac6d293d814f9ad42e4e932eedc3a9b66ac57621c989857
src/consensus/block.rs=2dc6629f4df5d73025cd9e7e2632dfc3c10e0ab0428d4f43bb0e5e1f5bce34f9
src/primitives/hash.rs=c2196c905dd463dcf81da987ba56ca5cdaa620690e8eff90dd303f30c3444a08
src/consensus/finality.rs=153de9044a15e800000c943648b6213c2105ad8473cc869ea5526e0a134dad71
src/config.rs=f1a34f7b0d824ec672afdf51861cc0cb6875481ec1c68ee71a9c4a7e58de470a
src/emission/supply.rs=13ccbf0f77594012b8c2bcc2d2eb3dd71f3e5a5f0236c06692730b6d8fb67be6
src/consensus/mod.rs=93f07810de1b245baabd490542d61878ec1912130a0de2e3bd0d30ce17f9c35c
