# CoinCync Critical File Integrity Lockfile
#
# These SHA-256 hashes protect consensus-critical files from accidental changes.
# The build will FAIL if any hash doesn't match.
#
# Hashes are computed over the file bytes with CRLF line endings
# normalized to LF, so Windows and Linux produce the same values.
#
# To refresh after an INTENTIONAL change:
#   COINCYNC_REGEN_LOCK=1 cargo run --locked --bin update-critical-hashes
#
# NEVER refresh these hashes without a thorough review of the changes.
# Accidental modifications to these files can cause chain forks.

CONSTITUTION.md=bb7d26310a8a5fbddbaed924b25d6bd9fb31cc07b3da7e3e9a674f73d6fe95bc
docs/BILL_OF_RIGHTS.md=49e26679a78de450521be25726d2d9bf9794c58cb095080ffdb36c9359c35768
src/testnet.rs=ff29a6e73b8948762fa37941a85c3c9ffc1456d4290cb611dad505ac7e0c8ad8
src/constants.rs=893393ad79ad001fe91c4dae86b18c700933e6521a20d52a75fac93cf461ab8e
src/consensus/difficulty.rs=01628c96016e4502c6a346fd754a9b4aca6b31ceec19da990dffaf7f13d1ec89
src/consensus/pow.rs=de86e9c903cba8b2a6e2a482b65c9d3e6d516722535441ef80d2a9c1dba967d6
src/consensus/validation.rs=fb7436dfa24d0c14d8b84fb147a04befef6da189a1481388f1eef6b5c43850fb
src/emission/curve.rs=e1688681c589c8774062e1958871aa87ee509b1ec8d996ced1bf9e72432e3479
src/mainnet.rs=d00da707eadfa0ce13c086f15e1ed829d84ce0c9aed7f8d0f7b9bac2a442c08f
src/emission/mod.rs=3938f1919e1baf36335ec93711c9ecc8a469a5e3cc5a855b4145042f577d5f67
src/consensus/header.rs=b80a47de97b4cd3ce28152cb0ab89660f23bf5a79df7594807f474a0cd9cf702
src/consensus/block.rs=cfd125871a7e930616c60a4649b64c14e39e074afe010ecca53c0796867e204c
src/primitives/hash.rs=c2196c905dd463dcf81da987ba56ca5cdaa620690e8eff90dd303f30c3444a08
src/consensus/finality.rs=153de9044a15e800000c943648b6213c2105ad8473cc869ea5526e0a134dad71
src/config.rs=db1ed5eca08e242500b3c8d15dc648c0b3ba718ef0bb4ddc8cdfb883c419f9b6
src/emission/supply.rs=13ccbf0f77594012b8c2bcc2d2eb3dd71f3e5a5f0236c06692730b6d8fb67be6
src/consensus/mod.rs=93f07810de1b245baabd490542d61878ec1912130a0de2e3bd0d30ce17f9c35c
